
Microsoft Visual Studio Solution File, Format Version 12.00
# Visual Studio Version 17
VisualStudioVersion = 17.11.35431.28
MinimumVisualStudioVersion = 10.0.40219.1
Project("{FAE04EC0-301F-11D3-BF4B-00C04F79EFBC}") = "AdapterDemo", "AdapterDemo.csproj", "{8E318A61-C315-47D2-9AB5-0D73332FB7A1}"
EndProject
Global
	GlobalSection(SolutionConfigurationPlatforms) = preSolution
		Debug|Any CPU = Debug|Any CPU
		Release|Any CPU = Release|Any CPU
	EndGlobalSection
	GlobalSection(ProjectConfigurationPlatforms) = postSolution
		{8E318A61-C315-47D2-9AB5-0D73332FB7A1}.Debug|Any CPU.ActiveCfg = Debug|Any CPU
		{8E318A61-C315-47D2-9AB5-0D73332FB7A1}.Debug|Any CPU.Build.0 = Debug|Any CPU
		{8E318A61-C315-47D2-9AB5-0D73332FB7A1}.Release|Any CPU.ActiveCfg = Release|Any CPU
		{8E318A61-C315-47D2-9AB5-0D73332FB7A1}.Release|Any CPU.Build.0 = Release|Any CPU
	EndGlobalSection
	GlobalSection(SolutionProperties) = preSolution
		HideSolutionNode = FALSE
	EndGlobalSection
	GlobalSection(ExtensibilityGlobals) = postSolution
		SolutionGuid = {49E208A6-D7FD-459D-86E0-B4152F7BE97E}
	EndGlobalSection
EndGlobal
