
Microsoft Visual Studio Solution File, Format Version 12.00
# Visual Studio Version 17
VisualStudioVersion = 17.11.35431.28
MinimumVisualStudioVersion = 10.0.40219.1
Project("{FAE04EC0-301F-11D3-BF4B-00C04F79EFBC}") = "ObserverDemo", "ObserverDemo.csproj", "{7537E24F-4C19-4565-B577-3759D4022C7C}"
EndProject
Global
	GlobalSection(SolutionConfigurationPlatforms) = preSolution
		Debug|Any CPU = Debug|Any CPU
		Release|Any CPU = Release|Any CPU
	EndGlobalSection
	GlobalSection(ProjectConfigurationPlatforms) = postSolution
		{7537E24F-4C19-4565-B577-3759D4022C7C}.Debug|Any CPU.ActiveCfg = Debug|Any CPU
		{7537E24F-4C19-4565-B577-3759D4022C7C}.Debug|Any CPU.Build.0 = Debug|Any CPU
		{7537E24F-4C19-4565-B577-3759D4022C7C}.Release|Any CPU.ActiveCfg = Release|Any CPU
		{7537E24F-4C19-4565-B577-3759D4022C7C}.Release|Any CPU.Build.0 = Release|Any CPU
	EndGlobalSection
	GlobalSection(SolutionProperties) = preSolution
		HideSolutionNode = FALSE
	EndGlobalSection
	GlobalSection(ExtensibilityGlobals) = postSolution
		SolutionGuid = {41493DE2-1890-4F29-A667-12285984A043}
	EndGlobalSection
EndGlobal
