
Microsoft Visual Studio Solution File, Format Version 12.00
# Visual Studio Version 17
VisualStudioVersion = 17.11.35431.28
MinimumVisualStudioVersion = 10.0.40219.1
Project("{FAE04EC0-301F-11D3-BF4B-00C04F79EFBC}") = "FacadeDemo", "FacadeDemo.csproj", "{C3A4463A-AC80-41B2-A795-6D176D80033A}"
EndProject
Global
	GlobalSection(SolutionConfigurationPlatforms) = preSolution
		Debug|Any CPU = Debug|Any CPU
		Release|Any CPU = Release|Any CPU
	EndGlobalSection
	GlobalSection(ProjectConfigurationPlatforms) = postSolution
		{C3A4463A-AC80-41B2-A795-6D176D80033A}.Debug|Any CPU.ActiveCfg = Debug|Any CPU
		{C3A4463A-AC80-41B2-A795-6D176D80033A}.Debug|Any CPU.Build.0 = Debug|Any CPU
		{C3A4463A-AC80-41B2-A795-6D176D80033A}.Release|Any CPU.ActiveCfg = Release|Any CPU
		{C3A4463A-AC80-41B2-A795-6D176D80033A}.Release|Any CPU.Build.0 = Release|Any CPU
	EndGlobalSection
	GlobalSection(SolutionProperties) = preSolution
		HideSolutionNode = FALSE
	EndGlobalSection
	GlobalSection(ExtensibilityGlobals) = postSolution
		SolutionGuid = {2C7915FF-C8C3-4E1A-B7D0-BE85C00E94B0}
	EndGlobalSection
EndGlobal
